// !$*UTF8*$!
{
	archiveVersion = 1;
	classes = {
	};
	objectVersion = 50;
	objects = {

/* Begin PBXBuildFile section */
		05CCC85F0C54CEE15012C9AD /* Pods_ReziLogisticsTests.framework in Frameworks */ = {isa = PBXBuildFile; fileRef = 2F62CEB6E11A44AE0DC29D40 /* Pods_ReziLogisticsTests.framework */; };
		50A431B6219DE9E5000EE949 /* AppDelegate.swift in Sources */ = {isa = PBXBuildFile; fileRef = 50A431B5219DE9E5000EE949 /* AppDelegate.swift */; };
		50A431B8219DE9E5000EE949 /* ViewController.swift in Sources */ = {isa = PBXBuildFile; fileRef = 50A431B7219DE9E5000EE949 /* ViewController.swift */; };
		50A431BB219DE9E5000EE949 /* Main.storyboard in Resources */ = {isa = PBXBuildFile; fileRef = 50A431B9219DE9E5000EE949 /* Main.storyboard */; };
		50A431BD219DE9E7000EE949 /* Assets.xcassets in Resources */ = {isa = PBXBuildFile; fileRef = 50A431BC219DE9E7000EE949 /* Assets.xcassets */; };
		50A431C0219DE9E7000EE949 /* LaunchScreen.storyboard in Resources */ = {isa = PBXBuildFile; fileRef = 50A431BE219DE9E7000EE949 /* LaunchScreen.storyboard */; };
		50A431CB219DE9E7000EE949 /* ReziLogisticsTests.swift in Sources */ = {isa = PBXBuildFile; fileRef = 50A431CA219DE9E7000EE949 /* ReziLogisticsTests.swift */; };
		50A431D6219DE9E7000EE949 /* ReziLogisticsUITests.swift in Sources */ = {isa = PBXBuildFile; fileRef = 50A431D5219DE9E7000EE949 /* ReziLogisticsUITests.swift */; };
		50DF6FF0219E09E6003E662F /* NavigationViewController.swift in Sources */ = {isa = PBXBuildFile; fileRef = 50DF6FEF219E09E6003E662F /* NavigationViewController.swift */; };
		D3FD78BFFCB0E95AC105FB71 /* Pods_ReziLogisticsUITests.framework in Frameworks */ = {isa = PBXBuildFile; fileRef = 5E6775E2C56CE7A746AED446 /* Pods_ReziLogisticsUITests.framework */; };
		F0917AAEC17B09B3E3ABC1E1 /* Pods_ReziLogistics.framework in Frameworks */ = {isa = PBXBuildFile; fileRef = D2024D4E118468DBD886D69A /* Pods_ReziLogistics.framework */; };
/* End PBXBuildFile section */

/* Begin PBXContainerItemProxy section */
		50A431C7219DE9E7000EE949 /* PBXContainerItemProxy */ = {
			isa = PBXContainerItemProxy;
			containerPortal = 50A431AA219DE9E5000EE949 /* Project object */;
			proxyType = 1;
			remoteGlobalIDString = 50A431B1219DE9E5000EE949;
			remoteInfo = ReziLogistics;
		};
		50A431D2219DE9E7000EE949 /* PBXContainerItemProxy */ = {
			isa = PBXContainerItemProxy;
			containerPortal = 50A431AA219DE9E5000EE949 /* Project object */;
			proxyType = 1;
			remoteGlobalIDString = 50A431B1219DE9E5000EE949;
			remoteInfo = ReziLogistics;
		};
/* End PBXContainerItemProxy section */

/* Begin PBXFileReference section */
		117E617F26BCC4F87100E71B /* Pods-ReziLogisticsUITests.debug.xcconfig */ = {isa = PBXFileReference; includeInIndex = 1; lastKnownFileType = text.xcconfig; name = "Pods-ReziLogisticsUITests.debug.xcconfig"; path = "Pods/Target Support Files/Pods-ReziLogisticsUITests/Pods-ReziLogisticsUITests.debug.xcconfig"; sourceTree = "<group>"; };
		247649238C60BC20F8A86978 /* Pods-ReziLogisticsTests.debug.xcconfig */ = {isa = PBXFileReference; includeInIndex = 1; lastKnownFileType = text.xcconfig; name = "Pods-ReziLogisticsTests.debug.xcconfig"; path = "Pods/Target Support Files/Pods-ReziLogisticsTests/Pods-ReziLogisticsTests.debug.xcconfig"; sourceTree = "<group>"; };
		2F62CEB6E11A44AE0DC29D40 /* Pods_ReziLogisticsTests.framework */ = {isa = PBXFileReference; explicitFileType = wrapper.framework; includeInIndex = 0; path = Pods_ReziLogisticsTests.framework; sourceTree = BUILT_PRODUCTS_DIR; };
		323CA9CB2973381735628DFB /* Pods-ReziLogistics.debug.xcconfig */ = {isa = PBXFileReference; includeInIndex = 1; lastKnownFileType = text.xcconfig; name = "Pods-ReziLogistics.debug.xcconfig"; path = "Pods/Target Support Files/Pods-ReziLogistics/Pods-ReziLogistics.debug.xcconfig"; sourceTree = "<group>"; };
		50A431B2219DE9E5000EE949 /* ReziLogistics.app */ = {isa = PBXFileReference; explicitFileType = wrapper.application; includeInIndex = 0; path = ReziLogistics.app; sourceTree = BUILT_PRODUCTS_DIR; };
		50A431B5219DE9E5000EE949 /* AppDelegate.swift */ = {isa = PBXFileReference; lastKnownFileType = sourcecode.swift; path = AppDelegate.swift; sourceTree = "<group>"; };
		50A431B7219DE9E5000EE949 /* ViewController.swift */ = {isa = PBXFileReference; lastKnownFileType = sourcecode.swift; path = ViewController.swift; sourceTree = "<group>"; };
		50A431BA219DE9E5000EE949 /* Base */ = {isa = PBXFileReference; lastKnownFileType = file.storyboard; name = Base; path = Base.lproj/Main.storyboard; sourceTree = "<group>"; };
		50A431BC219DE9E7000EE949 /* Assets.xcassets */ = {isa = PBXFileReference; lastKnownFileType = folder.assetcatalog; path = Assets.xcassets; sourceTree = "<group>"; };
		50A431BF219DE9E7000EE949 /* Base */ = {isa = PBXFileReference; lastKnownFileType = file.storyboard; name = Base; path = Base.lproj/LaunchScreen.storyboard; sourceTree = "<group>"; };
		50A431C1219DE9E7000EE949 /* Info.plist */ = {isa = PBXFileReference; lastKnownFileType = text.plist.xml; path = Info.plist; sourceTree = "<group>"; };
		50A431C6219DE9E7000EE949 /* ReziLogisticsTests.xctest */ = {isa = PBXFileReference; explicitFileType = wrapper.cfbundle; includeInIndex = 0; path = ReziLogisticsTests.xctest; sourceTree = BUILT_PRODUCTS_DIR; };
		50A431CA219DE9E7000EE949 /* ReziLogisticsTests.swift */ = {isa = PBXFileReference; lastKnownFileType = sourcecode.swift; path = ReziLogisticsTests.swift; sourceTree = "<group>"; };
		50A431CC219DE9E7000EE949 /* Info.plist */ = {isa = PBXFileReference; lastKnownFileType = text.plist.xml; path = Info.plist; sourceTree = "<group>"; };
		50A431D1219DE9E7000EE949 /* ReziLogisticsUITests.xctest */ = {isa = PBXFileReference; explicitFileType = wrapper.cfbundle; includeInIndex = 0; path = ReziLogisticsUITests.xctest; sourceTree = BUILT_PRODUCTS_DIR; };
		50A431D5219DE9E7000EE949 /* ReziLogisticsUITests.swift */ = {isa = PBXFileReference; lastKnownFileType = sourcecode.swift; path = ReziLogisticsUITests.swift; sourceTree = "<group>"; };
		50A431D7219DE9E7000EE949 /* Info.plist */ = {isa = PBXFileReference; lastKnownFileType = text.plist.xml; path = Info.plist; sourceTree = "<group>"; };
		50DF6FEF219E09E6003E662F /* NavigationViewController.swift */ = {isa = PBXFileReference; lastKnownFileType = sourcecode.swift; path = NavigationViewController.swift; sourceTree = "<group>"; };
		5E6775E2C56CE7A746AED446 /* Pods_ReziLogisticsUITests.framework */ = {isa = PBXFileReference; explicitFileType = wrapper.framework; includeInIndex = 0; path = Pods_ReziLogisticsUITests.framework; sourceTree = BUILT_PRODUCTS_DIR; };
		7160424E08A14E63E826D16C /* Pods-ReziLogisticsTests.release.xcconfig */ = {isa = PBXFileReference; includeInIndex = 1; lastKnownFileType = text.xcconfig; name = "Pods-ReziLogisticsTests.release.xcconfig"; path = "Pods/Target Support Files/Pods-ReziLogisticsTests/Pods-ReziLogisticsTests.release.xcconfig"; sourceTree = "<group>"; };
		BF7D466EA2B6249941A06BC6 /* Pods-ReziLogisticsUITests.release.xcconfig */ = {isa = PBXFileReference; includeInIndex = 1; lastKnownFileType = text.xcconfig; name = "Pods-ReziLogisticsUITests.release.xcconfig"; path = "Pods/Target Support Files/Pods-ReziLogisticsUITests/Pods-ReziLogisticsUITests.release.xcconfig"; sourceTree = "<group>"; };
		D2024D4E118468DBD886D69A /* Pods_ReziLogistics.framework */ = {isa = PBXFileReference; explicitFileType = wrapper.framework; includeInIndex = 0; path = Pods_ReziLogistics.framework; sourceTree = BUILT_PRODUCTS_DIR; };
		ED0036932D0C039FEBD063E1 /* Pods-ReziLogistics.release.xcconfig */ = {isa = PBXFileReference; includeInIndex = 1; lastKnownFileType = text.xcconfig; name = "Pods-ReziLogistics.release.xcconfig"; path = "Pods/Target Support Files/Pods-ReziLogistics/Pods-ReziLogistics.release.xcconfig"; sourceTree = "<group>"; };
/* End PBXFileReference section */

/* Begin PBXFrameworksBuildPhase section */
		50A431AF219DE9E5000EE949 /* Frameworks */ = {
			isa = PBXFrameworksBuildPhase;
			buildActionMask = 2147483647;
			files = (
				F0917AAEC17B09B3E3ABC1E1 /* Pods_ReziLogistics.framework in Frameworks */,
			);
			runOnlyForDeploymentPostprocessing = 0;
		};
		50A431C3219DE9E7000EE949 /* Frameworks */ = {
			isa = PBXFrameworksBuildPhase;
			buildActionMask = 2147483647;
			files = (
				05CCC85F0C54CEE15012C9AD /* Pods_ReziLogisticsTests.framework in Frameworks */,
			);
			runOnlyForDeploymentPostprocessing = 0;
		};
		50A431CE219DE9E7000EE949 /* Frameworks */ = {
			isa = PBXFrameworksBuildPhase;
			buildActionMask = 2147483647;
			files = (
				D3FD78BFFCB0E95AC105FB71 /* Pods_ReziLogisticsUITests.framework in Frameworks */,
			);
			runOnlyForDeploymentPostprocessing = 0;
		};
/* End PBXFrameworksBuildPhase section */

/* Begin PBXGroup section */
		50A431A9219DE9E5000EE949 = {
			isa = PBXGroup;
			children = (
				50A431B4219DE9E5000EE949 /* ReziLogistics */,
				50A431C9219DE9E7000EE949 /* ReziLogisticsTests */,
				50A431D4219DE9E7000EE949 /* ReziLogisticsUITests */,
				50A431B3219DE9E5000EE949 /* Products */,
				CE5833DC4E38B72FA9E49E47 /* Pods */,
				74494C5AEE0AB654D0A2C3E2 /* Frameworks */,
			);
			sourceTree = "<group>";
		};
		50A431B3219DE9E5000EE949 /* Products */ = {
			isa = PBXGroup;
			children = (
				50A431B2219DE9E5000EE949 /* ReziLogistics.app */,
				50A431C6219DE9E7000EE949 /* ReziLogisticsTests.xctest */,
				50A431D1219DE9E7000EE949 /* ReziLogisticsUITests.xctest */,
			);
			name = Products;
			sourceTree = "<group>";
		};
		50A431B4219DE9E5000EE949 /* ReziLogistics */ = {
			isa = PBXGroup;
			children = (
				50A431B5219DE9E5000EE949 /* AppDelegate.swift */,
				50A431B7219DE9E5000EE949 /* ViewController.swift */,
				50A431B9219DE9E5000EE949 /* Main.storyboard */,
				50DF6FEF219E09E6003E662F /* NavigationViewController.swift */,
				50A431BC219DE9E7000EE949 /* Assets.xcassets */,
				50A431BE219DE9E7000EE949 /* LaunchScreen.storyboard */,
				50A431C1219DE9E7000EE949 /* Info.plist */,
			);
			path = ReziLogistics;
			sourceTree = "<group>";
		};
		50A431C9219DE9E7000EE949 /* ReziLogisticsTests */ = {
			isa = PBXGroup;
			children = (
				50A431CA219DE9E7000EE949 /* ReziLogisticsTests.swift */,
				50A431CC219DE9E7000EE949 /* Info.plist */,
			);
			path = ReziLogisticsTests;
			sourceTree = "<group>";
		};
		50A431D4219DE9E7000EE949 /* ReziLogisticsUITests */ = {
			isa = PBXGroup;
			children = (
				50A431D5219DE9E7000EE949 /* ReziLogisticsUITests.swift */,
				50A431D7219DE9E7000EE949 /* Info.plist */,
			);
			path = ReziLogisticsUITests;
			sourceTree = "<group>";
		};
		74494C5AEE0AB654D0A2C3E2 /* Frameworks */ = {
			isa = PBXGroup;
			children = (
				D2024D4E118468DBD886D69A /* Pods_ReziLogistics.framework */,
				2F62CEB6E11A44AE0DC29D40 /* Pods_ReziLogisticsTests.framework */,
				5E6775E2C56CE7A746AED446 /* Pods_ReziLogisticsUITests.framework */,
			);
			name = Frameworks;
			sourceTree = "<group>";
		};
		CE5833DC4E38B72FA9E49E47 /* Pods */ = {
			isa = PBXGroup;
			children = (
				323CA9CB2973381735628DFB /* Pods-ReziLogistics.debug.xcconfig */,
				ED0036932D0C039FEBD063E1 /* Pods-ReziLogistics.release.xcconfig */,
				247649238C60BC20F8A86978 /* Pods-ReziLogisticsTests.debug.xcconfig */,
				7160424E08A14E63E826D16C /* Pods-ReziLogisticsTests.release.xcconfig */,
				117E617F26BCC4F87100E71B /* Pods-ReziLogisticsUITests.debug.xcconfig */,
				BF7D466EA2B6249941A06BC6 /* Pods-ReziLogisticsUITests.release.xcconfig */,
			);
			name = Pods;
			sourceTree = "<group>";
		};
/* End PBXGroup section */

/* Begin PBXNativeTarget section */
		50A431B1219DE9E5000EE949 /* ReziLogistics */ = {
			isa = PBXNativeTarget;
			buildConfigurationList = 50A431DA219DE9E7000EE949 /* Build configuration list for PBXNativeTarget "ReziLogistics" */;
			buildPhases = (
				4CC8CAD455A3D2317F117044 /* [CP] Check Pods Manifest.lock */,
				50A431AE219DE9E5000EE949 /* Sources */,
				50A431AF219DE9E5000EE949 /* Frameworks */,
				50A431B0219DE9E5000EE949 /* Resources */,
				7A11661F659009861B90DFC5 /* [CP] Embed Pods Frameworks */,
			);
			buildRules = (
			);
			dependencies = (
			);
			name = ReziLogistics;
			productName = ReziLogistics;
			productReference = 50A431B2219DE9E5000EE949 /* ReziLogistics.app */;
			productType = "com.apple.product-type.application";
		};
		50A431C5219DE9E7000EE949 /* ReziLogisticsTests */ = {
			isa = PBXNativeTarget;
			buildConfigurationList = 50A431DD219DE9E7000EE949 /* Build configuration list for PBXNativeTarget "ReziLogisticsTests" */;
			buildPhases = (
				EE455E4C381AFEF2BE8E0388 /* [CP] Check Pods Manifest.lock */,
				50A431C2219DE9E7000EE949 /* Sources */,
				50A431C3219DE9E7000EE949 /* Frameworks */,
				50A431C4219DE9E7000EE949 /* Resources */,
			);
			buildRules = (
			);
			dependencies = (
				50A431C8219DE9E7000EE949 /* PBXTargetDependency */,
			);
			name = ReziLogisticsTests;
			productName = ReziLogisticsTests;
			productReference = 50A431C6219DE9E7000EE949 /* ReziLogisticsTests.xctest */;
			productType = "com.apple.product-type.bundle.unit-test";
		};
		50A431D0219DE9E7000EE949 /* ReziLogisticsUITests */ = {
			isa = PBXNativeTarget;
			buildConfigurationList = 50A431E0219DE9E7000EE949 /* Build configuration list for PBXNativeTarget "ReziLogisticsUITests" */;
			buildPhases = (
				1CEDFE0FE6D8A25D03AE3646 /* [CP] Check Pods Manifest.lock */,
				50A431CD219DE9E7000EE949 /* Sources */,
				50A431CE219DE9E7000EE949 /* Frameworks */,
				50A431CF219DE9E7000EE949 /* Resources */,
			);
			buildRules = (
			);
			dependencies = (
				50A431D3219DE9E7000EE949 /* PBXTargetDependency */,
			);
			name = ReziLogisticsUITests;
			productName = ReziLogisticsUITests;
			productReference = 50A431D1219DE9E7000EE949 /* ReziLogisticsUITests.xctest */;
			productType = "com.apple.product-type.bundle.ui-testing";
		};
/* End PBXNativeTarget section */

/* Begin PBXProject section */
		50A431AA219DE9E5000EE949 /* Project object */ = {
			isa = PBXProject;
			attributes = {
				LastSwiftUpdateCheck = 1010;
				LastUpgradeCheck = 1010;
				ORGANIZATIONNAME = "Rezi Logistics";
				TargetAttributes = {
					50A431B1219DE9E5000EE949 = {
						CreatedOnToolsVersion = 10.1;
					};
					50A431C5219DE9E7000EE949 = {
						CreatedOnToolsVersion = 10.1;
						TestTargetID = 50A431B1219DE9E5000EE949;
					};
					50A431D0219DE9E7000EE949 = {
						CreatedOnToolsVersion = 10.1;
						TestTargetID = 50A431B1219DE9E5000EE949;
					};
				};
			};
			buildConfigurationList = 50A431AD219DE9E5000EE949 /* Build configuration list for PBXProject "ReziLogistics" */;
			compatibilityVersion = "Xcode 9.3";
			developmentRegion = en;
			hasScannedForEncodings = 0;
			knownRegions = (
				en,
				Base,
			);
			mainGroup = 50A431A9219DE9E5000EE949;
			productRefGroup = 50A431B3219DE9E5000EE949 /* Products */;
			projectDirPath = "";
			projectRoot = "";
			targets = (
				50A431B1219DE9E5000EE949 /* ReziLogistics */,
				50A431C5219DE9E7000EE949 /* ReziLogisticsTests */,
				50A431D0219DE9E7000EE949 /* ReziLogisticsUITests */,
			);
		};
/* End PBXProject section */

/* Begin PBXResourcesBuildPhase section */
		50A431B0219DE9E5000EE949 /* Resources */ = {
			isa = PBXResourcesBuildPhase;
			buildActionMask = 2147483647;
			files = (
				50A431C0219DE9E7000EE949 /* LaunchScreen.storyboard in Resources */,
				50A431BD219DE9E7000EE949 /* Assets.xcassets in Resources */,
				50A431BB219DE9E5000EE949 /* Main.storyboard in Resources */,
			);
			runOnlyForDeploymentPostprocessing = 0;
		};
		50A431C4219DE9E7000EE949 /* Resources */ = {
			isa = PBXResourcesBuildPhase;
			buildActionMask = 2147483647;
			files = (
			);
			runOnlyForDeploymentPostprocessing = 0;
		};
		50A431CF219DE9E7000EE949 /* Resources */ = {
			isa = PBXResourcesBuildPhase;
			buildActionMask = 2147483647;
			files = (
			);
			runOnlyForDeploymentPostprocessing = 0;
		};
/* End PBXResourcesBuildPhase section */

/* Begin PBXShellScriptBuildPhase section */
		1CEDFE0FE6D8A25D03AE3646 /* [CP] Check Pods Manifest.lock */ = {
			isa = PBXShellScriptBuildPhase;
			buildActionMask = 2147483647;
			files = (
			);
			inputFileListPaths = (
			);
			inputPaths = (
				"${PODS_PODFILE_DIR_PATH}/Podfile.lock",
				"${PODS_ROOT}/Manifest.lock",
			);
			name = "[CP] Check Pods Manifest.lock";
			outputFileListPaths = (
			);
			outputPaths = (
				"$(DERIVED_FILE_DIR)/Pods-ReziLogisticsUITests-checkManifestLockResult.txt",
			);
			runOnlyForDeploymentPostprocessing = 0;
			shellPath = /bin/sh;
			shellScript = "diff \"${PODS_PODFILE_DIR_PATH}/Podfile.lock\" \"${PODS_ROOT}/Manifest.lock\" > /dev/null\nif [ $? != 0 ] ; then\n    # print error to STDERR\n    echo \"error: The sandbox is not in sync with the Podfile.lock. Run 'pod install' or update your CocoaPods installation.\" >&2\n    exit 1\nfi\n# This output is used by Xcode 'outputs' to avoid re-running this script phase.\necho \"SUCCESS\" > \"${SCRIPT_OUTPUT_FILE_0}\"\n";
			showEnvVarsInLog = 0;
		};
		4CC8CAD455A3D2317F117044 /* [CP] Check Pods Manifest.lock */ = {
			isa = PBXShellScriptBuildPhase;
			buildActionMask = 2147483647;
			files = (
			);
			inputFileListPaths = (
			);
			inputPaths = (
				"${PODS_PODFILE_DIR_PATH}/Podfile.lock",
				"${PODS_ROOT}/Manifest.lock",
			);
			name = "[CP] Check Pods Manifest.lock";
			outputFileListPaths = (
			);
			outputPaths = (
				"$(DERIVED_FILE_DIR)/Pods-ReziLogistics-checkManifestLockResult.txt",
			);
			runOnlyForDeploymentPostprocessing = 0;
			shellPath = /bin/sh;
			shellScript = "diff \"${PODS_PODFILE_DIR_PATH}/Podfile.lock\" \"${PODS_ROOT}/Manifest.lock\" > /dev/null\nif [ $? != 0 ] ; then\n    # print error to STDERR\n    echo \"error: The sandbox is not in sync with the Podfile.lock. Run 'pod install' or update your CocoaPods installation.\" >&2\n    exit 1\nfi\n# This output is used by Xcode 'outputs' to avoid re-running this script phase.\necho \"SUCCESS\" > \"${SCRIPT_OUTPUT_FILE_0}\"\n";
			showEnvVarsInLog = 0;
		};
		7A11661F659009861B90DFC5 /* [CP] Embed Pods Frameworks */ = {
			isa = PBXShellScriptBuildPhase;
			buildActionMask = 2147483647;
			files = (
			);
			inputFileListPaths = (
			);
			inputPaths = (
				"${SRCROOT}/Pods/Target Support Files/Pods-ReziLogistics/Pods-ReziLogistics-frameworks.sh",
				"${PODS_ROOT}/HEREMapsStarter/framework/NMAKit.framework",
				"${BUILT_PRODUCTS_DIR}/SideMenu/SideMenu.framework",
			);
			name = "[CP] Embed Pods Frameworks";
			outputFileListPaths = (
			);
			outputPaths = (
				"${TARGET_BUILD_DIR}/${FRAMEWORKS_FOLDER_PATH}/NMAKit.framework",
				"${TARGET_BUILD_DIR}/${FRAMEWORKS_FOLDER_PATH}/SideMenu.framework",
			);
			runOnlyForDeploymentPostprocessing = 0;
			shellPath = /bin/sh;
			shellScript = "\"${SRCROOT}/Pods/Target Support Files/Pods-ReziLogistics/Pods-ReziLogistics-frameworks.sh\"\n";
			showEnvVarsInLog = 0;
		};
		EE455E4C381AFEF2BE8E0388 /* [CP] Check Pods Manifest.lock */ = {
			isa = PBXShellScriptBuildPhase;
			buildActionMask = 2147483647;
			files = (
			);
			inputFileListPaths = (
			);
			inputPaths = (
				"${PODS_PODFILE_DIR_PATH}/Podfile.lock",
				"${PODS_ROOT}/Manifest.lock",
			);
			name = "[CP] Check Pods Manifest.lock";
			outputFileListPaths = (
			);
			outputPaths = (
				"$(DERIVED_FILE_DIR)/Pods-ReziLogisticsTests-checkManifestLockResult.txt",
			);
			runOnlyForDeploymentPostprocessing = 0;
			shellPath = /bin/sh;
			shellScript = "diff \"${PODS_PODFILE_DIR_PATH}/Podfile.lock\" \"${PODS_ROOT}/Manifest.lock\" > /dev/null\nif [ $? != 0 ] ; then\n    # print error to STDERR\n    echo \"error: The sandbox is not in sync with the Podfile.lock. Run 'pod install' or update your CocoaPods installation.\" >&2\n    exit 1\nfi\n# This output is used by Xcode 'outputs' to avoid re-running this script phase.\necho \"SUCCESS\" > \"${SCRIPT_OUTPUT_FILE_0}\"\n";
			showEnvVarsInLog = 0;
		};
/* End PBXShellScriptBuildPhase section */

/* Begin PBXSourcesBuildPhase section */
		50A431AE219DE9E5000EE949 /* Sources */ = {
			isa = PBXSourcesBuildPhase;
			buildActionMask = 2147483647;
			files = (
				50DF6FF0219E09E6003E662F /* NavigationViewController.swift in Sources */,
				50A431B8219DE9E5000EE949 /* ViewController.swift in Sources */,
				50A431B6219DE9E5000EE949 /* AppDelegate.swift in Sources */,
			);
			runOnlyForDeploymentPostprocessing = 0;
		};
		50A431C2219DE9E7000EE949 /* Sources */ = {
			isa = PBXSourcesBuildPhase;
			buildActionMask = 2147483647;
			files = (
				50A431CB219DE9E7000EE949 /* ReziLogisticsTests.swift in Sources */,
			);
			runOnlyForDeploymentPostprocessing = 0;
		};
		50A431CD219DE9E7000EE949 /* Sources */ = {
			isa = PBXSourcesBuildPhase;
			buildActionMask = 2147483647;
			files = (
				50A431D6219DE9E7000EE949 /* ReziLogisticsUITests.swift in Sources */,
			);
			runOnlyForDeploymentPostprocessing = 0;
		};
/* End PBXSourcesBuildPhase section */

/* Begin PBXTargetDependency section */
		50A431C8219DE9E7000EE949 /* PBXTargetDependency */ = {
			isa = PBXTargetDependency;
			target = 50A431B1219DE9E5000EE949 /* ReziLogistics */;
			targetProxy = 50A431C7219DE9E7000EE949 /* PBXContainerItemProxy */;
		};
		50A431D3219DE9E7000EE949 /* PBXTargetDependency */ = {
			isa = PBXTargetDependency;
			target = 50A431B1219DE9E5000EE949 /* ReziLogistics */;
			targetProxy = 50A431D2219DE9E7000EE949 /* PBXContainerItemProxy */;
		};
/* End PBXTargetDependency section */

/* Begin PBXVariantGroup section */
		50A431B9219DE9E5000EE949 /* Main.storyboard */ = {
			isa = PBXVariantGroup;
			children = (
				50A431BA219DE9E5000EE949 /* Base */,
			);
			name = Main.storyboard;
			sourceTree = "<group>";
		};
		50A431BE219DE9E7000EE949 /* LaunchScreen.storyboard */ = {
			isa = PBXVariantGroup;
			children = (
				50A431BF219DE9E7000EE949 /* Base */,
			);
			name = LaunchScreen.storyboard;
			sourceTree = "<group>";
		};
/* End PBXVariantGroup section */

/* Begin XCBuildConfiguration section */
		50A431D8219DE9E7000EE949 /* Debug */ = {
			isa = XCBuildConfiguration;
			buildSettings = {
				ALWAYS_SEARCH_USER_PATHS = NO;
				CLANG_ANALYZER_NONNULL = YES;
				CLANG_ANALYZER_NUMBER_OBJECT_CONVERSION = YES_AGGRESSIVE;
				CLANG_CXX_LANGUAGE_STANDARD = "gnu++14";
				CLANG_CXX_LIBRARY = "libc++";
				CLANG_ENABLE_MODULES = YES;
				CLANG_ENABLE_OBJC_ARC = YES;
				CLANG_ENABLE_OBJC_WEAK = YES;
				CLANG_WARN_BLOCK_CAPTURE_AUTORELEASING = YES;
				CLANG_WARN_BOOL_CONVERSION = YES;
				CLANG_WARN_COMMA = YES;
				CLANG_WARN_CONSTANT_CONVERSION = YES;
				CLANG_WARN_DEPRECATED_OBJC_IMPLEMENTATIONS = YES;
				CLANG_WARN_DIRECT_OBJC_ISA_USAGE = YES_ERROR;
				CLANG_WARN_DOCUMENTATION_COMMENTS = YES;
				CLANG_WARN_EMPTY_BODY = YES;
				CLANG_WARN_ENUM_CONVERSION = YES;
				CLANG_WARN_INFINITE_RECURSION = YES;
				CLANG_WARN_INT_CONVERSION = YES;
				CLANG_WARN_NON_LITERAL_NULL_CONVERSION = YES;
				CLANG_WARN_OBJC_IMPLICIT_RETAIN_SELF = YES;
				CLANG_WARN_OBJC_LITERAL_CONVERSION = YES;
				CLANG_WARN_OBJC_ROOT_CLASS = YES_ERROR;
				CLANG_WARN_RANGE_LOOP_ANALYSIS = YES;
				CLANG_WARN_STRICT_PROTOTYPES = YES;
				CLANG_WARN_SUSPICIOUS_MOVE = YES;
				CLANG_WARN_UNGUARDED_AVAILABILITY = YES_AGGRESSIVE;
				CLANG_WARN_UNREACHABLE_CODE = YES;
				CLANG_WARN__DUPLICATE_METHOD_MATCH = YES;
				CODE_SIGN_IDENTITY = "iPhone Developer";
				COPY_PHASE_STRIP = NO;
				DEBUG_INFORMATION_FORMAT = dwarf;
				ENABLE_STRICT_OBJC_MSGSEND = YES;
				ENABLE_TESTABILITY = YES;
				GCC_C_LANGUAGE_STANDARD = gnu11;
				GCC_DYNAMIC_NO_PIC = NO;
				GCC_NO_COMMON_BLOCKS = YES;
				GCC_OPTIMIZATION_LEVEL = 0;
				GCC_PREPROCESSOR_DEFINITIONS = (
					"DEBUG=1",
					"$(inherited)",
				);
				GCC_WARN_64_TO_32_BIT_CONVERSION = YES;
				GCC_WARN_ABOUT_RETURN_TYPE = YES_ERROR;
				GCC_WARN_UNDECLARED_SELECTOR = YES;
				GCC_WARN_UNINITIALIZED_AUTOS = YES_AGGRESSIVE;
				GCC_WARN_UNUSED_FUNCTION = YES;
				GCC_WARN_UNUSED_VARIABLE = YES;
				IPHONEOS_DEPLOYMENT_TARGET = 12.1;
				MTL_ENABLE_DEBUG_INFO = INCLUDE_SOURCE;
				MTL_FAST_MATH = YES;
				ONLY_ACTIVE_ARCH = YES;
				SDKROOT = iphoneos;
				SWIFT_ACTIVE_COMPILATION_CONDITIONS = DEBUG;
				SWIFT_OPTIMIZATION_LEVEL = "-Onone";
			};
			name = Debug;
		};
		50A431D9219DE9E7000EE949 /* Release */ = {
			isa = XCBuildConfiguration;
			buildSettings = {
				ALWAYS_SEARCH_USER_PATHS = NO;
				CLANG_ANALYZER_NONNULL = YES;
				CLANG_ANALYZER_NUMBER_OBJECT_CONVERSION = YES_AGGRESSIVE;
				CLANG_CXX_LANGUAGE_STANDARD = "gnu++14";
				CLANG_CXX_LIBRARY = "libc++";
				CLANG_ENABLE_MODULES = YES;
				CLANG_ENABLE_OBJC_ARC = YES;
				CLANG_ENABLE_OBJC_WEAK = YES;
				CLANG_WARN_BLOCK_CAPTURE_AUTORELEASING = YES;
				CLANG_WARN_BOOL_CONVERSION = YES;
				CLANG_WARN_COMMA = YES;
				CLANG_WARN_CONSTANT_CONVERSION = YES;
				CLANG_WARN_DEPRECATED_OBJC_IMPLEMENTATIONS = YES;
				CLANG_WARN_DIRECT_OBJC_ISA_USAGE = YES_ERROR;
				CLANG_WARN_DOCUMENTATION_COMMENTS = YES;
				CLANG_WARN_EMPTY_BODY = YES;
				CLANG_WARN_ENUM_CONVERSION = YES;
				CLANG_WARN_INFINITE_RECURSION = YES;
				CLANG_WARN_INT_CONVERSION = YES;
				CLANG_WARN_NON_LITERAL_NULL_CONVERSION = YES;
				CLANG_WARN_OBJC_IMPLICIT_RETAIN_SELF = YES;
				CLANG_WARN_OBJC_LITERAL_CONVERSION = YES;
				CLANG_WARN_OBJC_ROOT_CLASS = YES_ERROR;
				CLANG_WARN_RANGE_LOOP_ANALYSIS = YES;
				CLANG_WARN_STRICT_PROTOTYPES = YES;
				CLANG_WARN_SUSPICIOUS_MOVE = YES;
				CLANG_WARN_UNGUARDED_AVAILABILITY = YES_AGGRESSIVE;
				CLANG_WARN_UNREACHABLE_CODE = YES;
				CLANG_WARN__DUPLICATE_METHOD_MATCH = YES;
				CODE_SIGN_IDENTITY = "iPhone Developer";
				COPY_PHASE_STRIP = NO;
				DEBUG_INFORMATION_FORMAT = "dwarf-with-dsym";
				ENABLE_NS_ASSERTIONS = NO;
				ENABLE_STRICT_OBJC_MSGSEND = YES;
				GCC_C_LANGUAGE_STANDARD = gnu11;
				GCC_NO_COMMON_BLOCKS = YES;
				GCC_WARN_64_TO_32_BIT_CONVERSION = YES;
				GCC_WARN_ABOUT_RETURN_TYPE = YES_ERROR;
				GCC_WARN_UNDECLARED_SELECTOR = YES;
				GCC_WARN_UNINITIALIZED_AUTOS = YES_AGGRESSIVE;
				GCC_WARN_UNUSED_FUNCTION = YES;
				GCC_WARN_UNUSED_VARIABLE = YES;
				IPHONEOS_DEPLOYMENT_TARGET = 12.1;
				MTL_ENABLE_DEBUG_INFO = NO;
				MTL_FAST_MATH = YES;
				SDKROOT = iphoneos;
				SWIFT_COMPILATION_MODE = wholemodule;
				SWIFT_OPTIMIZATION_LEVEL = "-O";
				VALIDATE_PRODUCT = YES;
			};
			name = Release;
		};
		50A431DB219DE9E7000EE949 /* Debug */ = {
			isa = XCBuildConfiguration;
			baseConfigurationReference = 323CA9CB2973381735628DFB /* Pods-ReziLogistics.debug.xcconfig */;
			buildSettings = {
				ASSETCATALOG_COMPILER_APPICON_NAME = AppIcon;
				CODE_SIGN_STYLE = Automatic;
				DEVELOPMENT_TEAM = A48JNU286R;
				INFOPLIST_FILE = ReziLogistics/Info.plist;
				LD_RUNPATH_SEARCH_PATHS = (
					"$(inherited)",
					"@executable_path/Frameworks",
				);
				PRODUCT_BUNDLE_IDENTIFIER = com.therezi.ReziLogistics;
				PRODUCT_NAME = "$(TARGET_NAME)";
				SWIFT_VERSION = 4.2;
				TARGETED_DEVICE_FAMILY = "1,2";
			};
			name = Debug;
		};
		50A431DC219DE9E7000EE949 /* Release */ = {
			isa = XCBuildConfiguration;
			baseConfigurationReference = ED0036932D0C039FEBD063E1 /* Pods-ReziLogistics.release.xcconfig */;
			buildSettings = {
				ASSETCATALOG_COMPILER_APPICON_NAME = AppIcon;
				CODE_SIGN_STYLE = Automatic;
				DEVELOPMENT_TEAM = A48JNU286R;
				INFOPLIST_FILE = ReziLogistics/Info.plist;
				LD_RUNPATH_SEARCH_PATHS = (
					"$(inherited)",
					"@executable_path/Frameworks",
				);
				PRODUCT_BUNDLE_IDENTIFIER = com.therezi.ReziLogistics;
				PRODUCT_NAME = "$(TARGET_NAME)";
				SWIFT_VERSION = 4.2;
				TARGETED_DEVICE_FAMILY = "1,2";
			};
			name = Release;
		};
		50A431DE219DE9E7000EE949 /* Debug */ = {
			isa = XCBuildConfiguration;
			baseConfigurationReference = 247649238C60BC20F8A86978 /* Pods-ReziLogisticsTests.debug.xcconfig */;
			buildSettings = {
				ALWAYS_EMBED_SWIFT_STANDARD_LIBRARIES = YES;
				BUNDLE_LOADER = "$(TEST_HOST)";
				CODE_SIGN_STYLE = Automatic;
				INFOPLIST_FILE = ReziLogisticsTests/Info.plist;
				LD_RUNPATH_SEARCH_PATHS = (
					"$(inherited)",
					"@executable_path/Frameworks",
					"@loader_path/Frameworks",
				);
				PRODUCT_BUNDLE_IDENTIFIER = com.therezi.ReziLogisticsTests;
				PRODUCT_NAME = "$(TARGET_NAME)";
				SWIFT_VERSION = 4.2;
				TARGETED_DEVICE_FAMILY = "1,2";
				TEST_HOST = "$(BUILT_PRODUCTS_DIR)/ReziLogistics.app/ReziLogistics";
			};
			name = Debug;
		};
		50A431DF219DE9E7000EE949 /* Release */ = {
			isa = XCBuildConfiguration;
			baseConfigurationReference = 7160424E08A14E63E826D16C /* Pods-ReziLogisticsTests.release.xcconfig */;
			buildSettings = {
				ALWAYS_EMBED_SWIFT_STANDARD_LIBRARIES = YES;
				BUNDLE_LOADER = "$(TEST_HOST)";
				CODE_SIGN_STYLE = Automatic;
				INFOPLIST_FILE = ReziLogisticsTests/Info.plist;
				LD_RUNPATH_SEARCH_PATHS = (
					"$(inherited)",
					"@executable_path/Frameworks",
					"@loader_path/Frameworks",
				);
				PRODUCT_BUNDLE_IDENTIFIER = com.therezi.ReziLogisticsTests;
				PRODUCT_NAME = "$(TARGET_NAME)";
				SWIFT_VERSION = 4.2;
				TARGETED_DEVICE_FAMILY = "1,2";
				TEST_HOST = "$(BUILT_PRODUCTS_DIR)/ReziLogistics.app/ReziLogistics";
			};
			name = Release;
		};
		50A431E1219DE9E7000EE949 /* Debug */ = {
			isa = XCBuildConfiguration;
			baseConfigurationReference = 117E617F26BCC4F87100E71B /* Pods-ReziLogisticsUITests.debug.xcconfig */;
			buildSettings = {
				ALWAYS_EMBED_SWIFT_STANDARD_LIBRARIES = YES;
				CODE_SIGN_STYLE = Automatic;
				INFOPLIST_FILE = ReziLogisticsUITests/Info.plist;
				LD_RUNPATH_SEARCH_PATHS = (
					"$(inherited)",
					"@executable_path/Frameworks",
					"@loader_path/Frameworks",
				);
				PRODUCT_BUNDLE_IDENTIFIER = com.therezi.ReziLogisticsUITests;
				PRODUCT_NAME = "$(TARGET_NAME)";
				SWIFT_VERSION = 4.2;
				TARGETED_DEVICE_FAMILY = "1,2";
				TEST_TARGET_NAME = ReziLogistics;
			};
			name = Debug;
		};
		50A431E2219DE9E7000EE949 /* Release */ = {
			isa = XCBuildConfiguration;
			baseConfigurationReference = BF7D466EA2B6249941A06BC6 /* Pods-ReziLogisticsUITests.release.xcconfig */;
			buildSettings = {
				ALWAYS_EMBED_SWIFT_STANDARD_LIBRARIES = YES;
				CODE_SIGN_STYLE = Automatic;
				INFOPLIST_FILE = ReziLogisticsUITests/Info.plist;
				LD_RUNPATH_SEARCH_PATHS = (
					"$(inherited)",
					"@executable_path/Frameworks",
					"@loader_path/Frameworks",
				);
				PRODUCT_BUNDLE_IDENTIFIER = com.therezi.ReziLogisticsUITests;
				PRODUCT_NAME = "$(TARGET_NAME)";
				SWIFT_VERSION = 4.2;
				TARGETED_DEVICE_FAMILY = "1,2";
				TEST_TARGET_NAME = ReziLogistics;
			};
			name = Release;
		};
/* End XCBuildConfiguration section */

/* Begin XCConfigurationList section */
		50A431AD219DE9E5000EE949 /* Build configuration list for PBXProject "ReziLogistics" */ = {
			isa = XCConfigurationList;
			buildConfigurations = (
				50A431D8219DE9E7000EE949 /* Debug */,
				50A431D9219DE9E7000EE949 /* Release */,
			);
			defaultConfigurationIsVisible = 0;
			defaultConfigurationName = Release;
		};
		50A431DA219DE9E7000EE949 /* Build configuration list for PBXNativeTarget "ReziLogistics" */ = {
			isa = XCConfigurationList;
			buildConfigurations = (
				50A431DB219DE9E7000EE949 /* Debug */,
				50A431DC219DE9E7000EE949 /* Release */,
			);
			defaultConfigurationIsVisible = 0;
			defaultConfigurationName = Release;
		};
		50A431DD219DE9E7000EE949 /* Build configuration list for PBXNativeTarget "ReziLogisticsTests" */ = {
			isa = XCConfigurationList;
			buildConfigurations = (
				50A431DE219DE9E7000EE949 /* Debug */,
				50A431DF219DE9E7000EE949 /* Release */,
			);
			defaultConfigurationIsVisible = 0;
			defaultConfigurationName = Release;
		};
		50A431E0219DE9E7000EE949 /* Build configuration list for PBXNativeTarget "ReziLogisticsUITests" */ = {
			isa = XCConfigurationList;
			buildConfigurations = (
				50A431E1219DE9E7000EE949 /* Debug */,
				50A431E2219DE9E7000EE949 /* Release */,
			);
			defaultConfigurationIsVisible = 0;
			defaultConfigurationName = Release;
		};
/* End XCConfigurationList section */
	};
	rootObject = 50A431AA219DE9E5000EE949 /* Project object */;
}
